{
  "name": "projeto_validacao",
  "version": "1.0.0",
  "lockfileVersion": 2,
  "requires": true,
  "packages": {
    "": {
      "name": "projeto_validacao",
      "version": "1.0.0",
      "license": "ISC",
      "dependencies": {
        "class-transform": "^0.7.0",
        "projeto_erros_padroes": "github:FBMLJ/projeto_erros_padroes_typescript",
        "reflect-metadata": "^0.2.2"
      },
      "devDependencies": {
        "typescript": "^5.6.3"
      }
    },
    "node_modules/class-transform": {
      "version": "0.7.0",
      "resolved": "https://registry.npmjs.org/class-transform/-/class-transform-0.7.0.tgz",
      "integrity": "sha512-j5O1TkgxsR836BOgyG83i5gKH3yaqdxMIbwviV3qJpcjGh1Vfil1CjtXn8RHgvtLvbosUutoewa+RA3Qty4SFA=="
    },
    "node_modules/projeto_erros_padroes": {
      "version": "1.0.0",
      "resolved": "git+ssh://git@github.com/FBMLJ/projeto_erros_padroes_typescript.git#ceedfe999f1e86aca7480687935ecec651580955",
      "license": "ISC"
    },
    "node_modules/reflect-metadata": {
      "version": "0.2.2",
      "resolved": "https://registry.npmjs.org/reflect-metadata/-/reflect-metadata-0.2.2.tgz",
      "integrity": "sha512-urBwgfrvVP/eAyXx4hluJivBKzuEbSQs9rKWCrCkbSxNv8mxPcUZKeuoF3Uy4mJl3Lwprp6yy5/39VWigZ4K6Q=="
    },
    "node_modules/typescript": {
      "version": "5.6.3",
      "resolved": "https://registry.npmjs.org/typescript/-/typescript-5.6.3.tgz",
      "integrity": "sha512-hjcS1mhfuyi4WW8IWtjP7brDrG2cuDZukyrYrSauoXGNgx0S7zceP07adYkJycEr56BOUTNPzbInooiN3fn1qw==",
      "dev": true,
      "bin": {
        "tsc": "bin/tsc",
        "tsserver": "bin/tsserver"
      },
      "engines": {
        "node": ">=14.17"
      }
    }
  },
  "dependencies": {
    "class-transform": {
      "version": "0.7.0",
      "resolved": "https://registry.npmjs.org/class-transform/-/class-transform-0.7.0.tgz",
      "integrity": "sha512-j5O1TkgxsR836BOgyG83i5gKH3yaqdxMIbwviV3qJpcjGh1Vfil1CjtXn8RHgvtLvbosUutoewa+RA3Qty4SFA=="
    },
    "projeto_erros_padroes": {
      "version": "git+ssh://git@github.com/FBMLJ/projeto_erros_padroes_typescript.git#ceedfe999f1e86aca7480687935ecec651580955",
      "from": "projeto_erros_padroes@https://github.com/FBMLJ/projeto_erros_padroes_typescript.git"
    },
    "reflect-metadata": {
      "version": "0.2.2",
      "resolved": "https://registry.npmjs.org/reflect-metadata/-/reflect-metadata-0.2.2.tgz",
      "integrity": "sha512-urBwgfrvVP/eAyXx4hluJivBKzuEbSQs9rKWCrCkbSxNv8mxPcUZKeuoF3Uy4mJl3Lwprp6yy5/39VWigZ4K6Q=="
    },
    "typescript": {
      "version": "5.6.3",
      "resolved": "https://registry.npmjs.org/typescript/-/typescript-5.6.3.tgz",
      "integrity": "sha512-hjcS1mhfuyi4WW8IWtjP7brDrG2cuDZukyrYrSauoXGNgx0S7zceP07adYkJycEr56BOUTNPzbInooiN3fn1qw==",
      "dev": true
    }
  }
}
